
Microsoft Visual Studio Solution File, Format Version 12.00
# Visual Studio 15
VisualStudioVersion = 15.0.26730.16
MinimumVisualStudioVersion = 10.0.40219.1
Project("{9A19103F-16F7-4668-BE54-9A1E7A4F7556}") = "HomeKookd.API", "src\HomeKookd.Web\HomeKookd.API.csproj", "{A61CD15C-989A-4A6A-882C-545A8A665B6B}"
EndProject
Project("{9A19103F-16F7-4668-BE54-9A1E7A4F7556}") = "HomeKookd.Services", "src\HomeKookd.Services\HomeKookd.Services.csproj", "{6C3D8449-C8FD-4E7D-8C82-32CA2FED1F3A}"
EndProject
Project("{9A19103F-16F7-4668-BE54-9A1E7A4F7556}") = "HomeKookd.DataAccess", "src\HomeKookd.DataAccess\HomeKookd.DataAccess.csproj", "{EDE0628B-A4BF-4689-AC6F-D8B14BCE95DC}"
EndProject
Project("{9A19103F-16F7-4668-BE54-9A1E7A4F7556}") = "HomeKookd.Common", "src\HomeKookd.Common\HomeKookd.Common.csproj", "{35FB0226-A856-4557-91FB-E71D3B1342CF}"
EndProject
Project("{9A19103F-16F7-4668-BE54-9A1E7A4F7556}") = "HomeKookd.Infrastructure", "src\HomeKookd.Infrastructure\HomeKookd.Infrastructure.csproj", "{58C7D99E-C31D-468C-9DB7-77CBE51085B1}"
EndProject
Project("{9A19103F-16F7-4668-BE54-9A1E7A4F7556}") = "HomeKookd.DependencyResolution", "src\HomeKookd.DependencyResolution\HomeKookd.DependencyResolution.csproj", "{6F9A4110-96AC-4839-9190-0D86935DB941}"
EndProject
Project("{FAE04EC0-301F-11D3-BF4B-00C04F79EFBC}") = "HomeKookd.Repositories", "Repositories\HomeKookd.Repositories.csproj", "{A705FFF0-7DAB-45D4-A971-0DEF6AD87557}"
EndProject
Project("{FAE04EC0-301F-11D3-BF4B-00C04F79EFBC}") = "HomeKookd.Domain", "HomeKookd.Domain\HomeKookd.Domain.csproj", "{891C9984-37B2-46A1-968D-17EFFBCD9D28}"
EndProject
Global
	GlobalSection(SolutionConfigurationPlatforms) = preSolution
		Debug|Any CPU = Debug|Any CPU
		Release|Any CPU = Release|Any CPU
	EndGlobalSection
	GlobalSection(ProjectConfigurationPlatforms) = postSolution
		{A61CD15C-989A-4A6A-882C-545A8A665B6B}.Debug|Any CPU.ActiveCfg = Debug|Any CPU
		{A61CD15C-989A-4A6A-882C-545A8A665B6B}.Debug|Any CPU.Build.0 = Debug|Any CPU
		{A61CD15C-989A-4A6A-882C-545A8A665B6B}.Release|Any CPU.ActiveCfg = Release|Any CPU
		{A61CD15C-989A-4A6A-882C-545A8A665B6B}.Release|Any CPU.Build.0 = Release|Any CPU
		{6C3D8449-C8FD-4E7D-8C82-32CA2FED1F3A}.Debug|Any CPU.ActiveCfg = Debug|Any CPU
		{6C3D8449-C8FD-4E7D-8C82-32CA2FED1F3A}.Debug|Any CPU.Build.0 = Debug|Any CPU
		{6C3D8449-C8FD-4E7D-8C82-32CA2FED1F3A}.Release|Any CPU.ActiveCfg = Release|Any CPU
		{6C3D8449-C8FD-4E7D-8C82-32CA2FED1F3A}.Release|Any CPU.Build.0 = Release|Any CPU
		{EDE0628B-A4BF-4689-AC6F-D8B14BCE95DC}.Debug|Any CPU.ActiveCfg = Debug|Any CPU
		{EDE0628B-A4BF-4689-AC6F-D8B14BCE95DC}.Debug|Any CPU.Build.0 = Debug|Any CPU
		{EDE0628B-A4BF-4689-AC6F-D8B14BCE95DC}.Release|Any CPU.ActiveCfg = Release|Any CPU
		{EDE0628B-A4BF-4689-AC6F-D8B14BCE95DC}.Release|Any CPU.Build.0 = Release|Any CPU
		{35FB0226-A856-4557-91FB-E71D3B1342CF}.Debug|Any CPU.ActiveCfg = Debug|Any CPU
		{35FB0226-A856-4557-91FB-E71D3B1342CF}.Debug|Any CPU.Build.0 = Debug|Any CPU
		{35FB0226-A856-4557-91FB-E71D3B1342CF}.Release|Any CPU.ActiveCfg = Release|Any CPU
		{35FB0226-A856-4557-91FB-E71D3B1342CF}.Release|Any CPU.Build.0 = Release|Any CPU
		{58C7D99E-C31D-468C-9DB7-77CBE51085B1}.Debug|Any CPU.ActiveCfg = Debug|Any CPU
		{58C7D99E-C31D-468C-9DB7-77CBE51085B1}.Debug|Any CPU.Build.0 = Debug|Any CPU
		{58C7D99E-C31D-468C-9DB7-77CBE51085B1}.Release|Any CPU.ActiveCfg = Release|Any CPU
		{58C7D99E-C31D-468C-9DB7-77CBE51085B1}.Release|Any CPU.Build.0 = Release|Any CPU
		{6F9A4110-96AC-4839-9190-0D86935DB941}.Debug|Any CPU.ActiveCfg = Debug|Any CPU
		{6F9A4110-96AC-4839-9190-0D86935DB941}.Debug|Any CPU.Build.0 = Debug|Any CPU
		{6F9A4110-96AC-4839-9190-0D86935DB941}.Release|Any CPU.ActiveCfg = Release|Any CPU
		{6F9A4110-96AC-4839-9190-0D86935DB941}.Release|Any CPU.Build.0 = Release|Any CPU
		{A705FFF0-7DAB-45D4-A971-0DEF6AD87557}.Debug|Any CPU.ActiveCfg = Debug|Any CPU
		{A705FFF0-7DAB-45D4-A971-0DEF6AD87557}.Debug|Any CPU.Build.0 = Debug|Any CPU
		{A705FFF0-7DAB-45D4-A971-0DEF6AD87557}.Release|Any CPU.ActiveCfg = Release|Any CPU
		{A705FFF0-7DAB-45D4-A971-0DEF6AD87557}.Release|Any CPU.Build.0 = Release|Any CPU
		{891C9984-37B2-46A1-968D-17EFFBCD9D28}.Debug|Any CPU.ActiveCfg = Debug|Any CPU
		{891C9984-37B2-46A1-968D-17EFFBCD9D28}.Debug|Any CPU.Build.0 = Debug|Any CPU
		{891C9984-37B2-46A1-968D-17EFFBCD9D28}.Release|Any CPU.ActiveCfg = Release|Any CPU
		{891C9984-37B2-46A1-968D-17EFFBCD9D28}.Release|Any CPU.Build.0 = Release|Any CPU
	EndGlobalSection
	GlobalSection(SolutionProperties) = preSolution
		HideSolutionNode = FALSE
	EndGlobalSection
	GlobalSection(ExtensibilityGlobals) = postSolution
		SolutionGuid = {9F521D57-E057-491C-AA9C-0E9ADBE59A64}
	EndGlobalSection
EndGlobal
